
Microsoft Visual Studio Solution File, Format Version 12.00
# Visual Studio 15
VisualStudioVersion = 15.0.28010.0
MinimumVisualStudioVersion = 10.0.40219.1
Project("{FAE04EC0-301F-11D3-BF4B-00C04F79EFBC}") = "AzureWebOAuth2", "AzureWebOAuth2\AzureWebOAuth2.csproj", "{19AC3C08-4A45-42F3-887A-1186152EF985}"
EndProject
Global
	GlobalSection(SolutionConfigurationPlatforms) = preSolution
		Debug|Any CPU = Debug|Any CPU
		Release|Any CPU = Release|Any CPU
	EndGlobalSection
	GlobalSection(ProjectConfigurationPlatforms) = postSolution
		{19AC3C08-4A45-42F3-887A-1186152EF985}.Debug|Any CPU.ActiveCfg = Debug|Any CPU
		{19AC3C08-4A45-42F3-887A-1186152EF985}.Debug|Any CPU.Build.0 = Debug|Any CPU
		{19AC3C08-4A45-42F3-887A-1186152EF985}.Release|Any CPU.ActiveCfg = Release|Any CPU
		{19AC3C08-4A45-42F3-887A-1186152EF985}.Release|Any CPU.Build.0 = Release|Any CPU
	EndGlobalSection
	GlobalSection(SolutionProperties) = preSolution
		HideSolutionNode = FALSE
	EndGlobalSection
	GlobalSection(ExtensibilityGlobals) = postSolution
		SolutionGuid = {67FBF78D-62B9-46DE-9E4F-2D2F8B36A75B}
	EndGlobalSection
EndGlobal
